// !$*UTF8*$!
{
	archiveVersion = 1;
	classes = {
	};
	objectVersion = 46;
	objects = {

/* Begin PBXBuildFile section */
		494C542C1C76450E00FC5AB7 /* main.cpp in Sources */ = {isa = PBXBuildFile; fileRef = 494C542B1C76450E00FC5AB7 /* main.cpp */; };
/* End PBXBuildFile section */

/* Begin PBXCopyFilesBuildPhase section */
		494C54261C76450E00FC5AB7 /* CopyFiles */ = {
			isa = PBXCopyFilesBuildPhase;
			buildActionMask = 2147483647;
			dstPath = /usr/share/man/man1/;
			dstSubfolderSpec = 0;
			files = (
			);
			runOnlyForDeploymentPostprocessing = 1;
		};
/* End PBXCopyFilesBuildPhase section */

/* Begin PBXFileReference section */
		494C54281C76450E00FC5AB7 /* budgettracker */ = {isa = PBXFileReference; explicitFileType = "compiled.mach-o.executable"; includeInIndex = 0; path = budgettracker; sourceTree = BUILT_PRODUCTS_DIR; };
		494C542B1C76450E00FC5AB7 /* main.cpp */ = {isa = PBXFileReference; lastKnownFileType = sourcecode.cpp.cpp; path = main.cpp; sourceTree = "<group>"; };
		498D89281CD3ED5B0058C251 /* budget.h */ = {isa = PBXFileReference; lastKnownFileType = sourcecode.c.h; path = budget.h; sourceTree = "<group>"; };
		A02786871C764BF40034B59D /* expenseItem.h */ = {isa = PBXFileReference; lastKnownFileType = sourcecode.c.h; path = expenseItem.h; sourceTree = "<group>"; };
/* End PBXFileReference section */

/* Begin PBXFrameworksBuildPhase section */
		494C54251C76450E00FC5AB7 /* Frameworks */ = {
			isa = PBXFrameworksBuildPhase;
			buildActionMask = 2147483647;
			files = (
			);
			runOnlyForDeploymentPostprocessing = 0;
		};
/* End PBXFrameworksBuildPhase section */

/* Begin PBXGroup section */
		494C541F1C76450E00FC5AB7 = {
			isa = PBXGroup;
			children = (
				494C542A1C76450E00FC5AB7 /* budgettracker */,
				494C54291C76450E00FC5AB7 /* Products */,
			);
			sourceTree = "<group>";
		};
		494C54291C76450E00FC5AB7 /* Products */ = {
			isa = PBXGroup;
			children = (
				494C54281C76450E00FC5AB7 /* budgettracker */,
			);
			name = Products;
			sourceTree = "<group>";
		};
		494C542A1C76450E00FC5AB7 /* budgettracker */ = {
			isa = PBXGroup;
			children = (
				494C542B1C76450E00FC5AB7 /* main.cpp */,
				A02786871C764BF40034B59D /* expenseItem.h */,
				498D89281CD3ED5B0058C251 /* budget.h */,
			);
			path = budgettracker;
			sourceTree = "<group>";
		};
/* End PBXGroup section */

/* Begin PBXNativeTarget section */
		494C54271C76450E00FC5AB7 /* budgettracker */ = {
			isa = PBXNativeTarget;
			buildConfigurationList = 494C542F1C76450E00FC5AB7 /* Build configuration list for PBXNativeTarget "budgettracker" */;
			buildPhases = (
				494C54241C76450E00FC5AB7 /* Sources */,
				494C54251C76450E00FC5AB7 /* Frameworks */,
				494C54261C76450E00FC5AB7 /* CopyFiles */,
			);
			buildRules = (
			);
			dependencies = (
			);
			name = budgettracker;
			productName = budgettracker;
			productReference = 494C54281C76450E00FC5AB7 /* budgettracker */;
			productType = "com.apple.product-type.tool";
		};
/* End PBXNativeTarget section */

/* Begin PBXProject section */
		494C54201C76450E00FC5AB7 /* Project object */ = {
			isa = PBXProject;
			attributes = {
				LastUpgradeCheck = 0720;
				ORGANIZATIONNAME = "Landward Lemon Technologies";
				TargetAttributes = {
					494C54271C76450E00FC5AB7 = {
						CreatedOnToolsVersion = 7.2;
					};
				};
			};
			buildConfigurationList = 494C54231C76450E00FC5AB7 /* Build configuration list for PBXProject "budgettracker" */;
			compatibilityVersion = "Xcode 3.2";
			developmentRegion = English;
			hasScannedForEncodings = 0;
			knownRegions = (
				en,
			);
			mainGroup = 494C541F1C76450E00FC5AB7;
			productRefGroup = 494C54291C76450E00FC5AB7 /* Products */;
			projectDirPath = "";
			projectRoot = "";
			targets = (
				494C54271C76450E00FC5AB7 /* budgettracker */,
			);
		};
/* End PBXProject section */

/* Begin PBXSourcesBuildPhase section */
		494C54241C76450E00FC5AB7 /* Sources */ = {
			isa = PBXSourcesBuildPhase;
			buildActionMask = 2147483647;
			files = (
				494C542C1C76450E00FC5AB7 /* main.cpp in Sources */,
			);
			runOnlyForDeploymentPostprocessing = 0;
		};
/* End PBXSourcesBuildPhase section */

/* Begin XCBuildConfiguration section */
		494C542D1C76450E00FC5AB7 /* Debug */ = {
			isa = XCBuildConfiguration;
			buildSettings = {
				ALWAYS_SEARCH_USER_PATHS = NO;
				CLANG_CXX_LANGUAGE_STANDARD = "gnu++0x";
				CLANG_CXX_LIBRARY = "libc++";
				CLANG_ENABLE_MODULES = YES;
				CLANG_ENABLE_OBJC_ARC = YES;
				CLANG_WARN_BOOL_CONVERSION = YES;
				CLANG_WARN_CONSTANT_CONVERSION = YES;
				CLANG_WARN_DIRECT_OBJC_ISA_USAGE = YES_ERROR;
				CLANG_WARN_EMPTY_BODY = YES;
				CLANG_WARN_ENUM_CONVERSION = YES;
				CLANG_WARN_INT_CONVERSION = YES;
				CLANG_WARN_OBJC_ROOT_CLASS = YES_ERROR;
				CLANG_WARN_UNREACHABLE_CODE = YES;
				CLANG_WARN__DUPLICATE_METHOD_MATCH = YES;
				CODE_SIGN_IDENTITY = "-";
				COPY_PHASE_STRIP = NO;
				DEBUG_INFORMATION_FORMAT = dwarf;
				ENABLE_STRICT_OBJC_MSGSEND = YES;
				ENABLE_TESTABILITY = YES;
				GCC_C_LANGUAGE_STANDARD = gnu99;
				GCC_DYNAMIC_NO_PIC = NO;
				GCC_NO_COMMON_BLOCKS = YES;
				GCC_OPTIMIZATION_LEVEL = 0;
				GCC_PREPROCESSOR_DEFINITIONS = (
					"DEBUG=1",
					"$(inherited)",
				);
				GCC_WARN_64_TO_32_BIT_CONVERSION = YES;
				GCC_WARN_ABOUT_RETURN_TYPE = YES_ERROR;
				GCC_WARN_UNDECLARED_SELECTOR = YES;
				GCC_WARN_UNINITIALIZED_AUTOS = YES_AGGRESSIVE;
				GCC_WARN_UNUSED_FUNCTION = YES;
				GCC_WARN_UNUSED_VARIABLE = YES;
				MACOSX_DEPLOYMENT_TARGET = 10.10;
				MTL_ENABLE_DEBUG_INFO = YES;
				ONLY_ACTIVE_ARCH = YES;
				SDKROOT = macosx;
			};
			name = Debug;
		};
		494C542E1C76450E00FC5AB7 /* Release */ = {
			isa = XCBuildConfiguration;
			buildSettings = {
				ALWAYS_SEARCH_USER_PATHS = NO;
				CLANG_CXX_LANGUAGE_STANDARD = "gnu++0x";
				CLANG_CXX_LIBRARY = "libc++";
				CLANG_ENABLE_MODULES = YES;
				CLANG_ENABLE_OBJC_ARC = YES;
				CLANG_WARN_BOOL_CONVERSION = YES;
				CLANG_WARN_CONSTANT_CONVERSION = YES;
				CLANG_WARN_DIRECT_OBJC_ISA_USAGE = YES_ERROR;
				CLANG_WARN_EMPTY_BODY = YES;
				CLANG_WARN_ENUM_CONVERSION = YES;
				CLANG_WARN_INT_CONVERSION = YES;
				CLANG_WARN_OBJC_ROOT_CLASS = YES_ERROR;
				CLANG_WARN_UNREACHABLE_CODE = YES;
				CLANG_WARN__DUPLICATE_METHOD_MATCH = YES;
				CODE_SIGN_IDENTITY = "-";
				COPY_PHASE_STRIP = NO;
				DEBUG_INFORMATION_FORMAT = "dwarf-with-dsym";
				ENABLE_NS_ASSERTIONS = NO;
				ENABLE_STRICT_OBJC_MSGSEND = YES;
				GCC_C_LANGUAGE_STANDARD = gnu99;
				GCC_NO_COMMON_BLOCKS = YES;
				GCC_WARN_64_TO_32_BIT_CONVERSION = YES;
				GCC_WARN_ABOUT_RETURN_TYPE = YES_ERROR;
				GCC_WARN_UNDECLARED_SELECTOR = YES;
				GCC_WARN_UNINITIALIZED_AUTOS = YES_AGGRESSIVE;
				GCC_WARN_UNUSED_FUNCTION = YES;
				GCC_WARN_UNUSED_VARIABLE = YES;
				MACOSX_DEPLOYMENT_TARGET = 10.10;
				MTL_ENABLE_DEBUG_INFO = NO;
				SDKROOT = macosx;
			};
			name = Release;
		};
		494C54301C76450E00FC5AB7 /* Debug */ = {
			isa = XCBuildConfiguration;
			buildSettings = {
				PRODUCT_NAME = "$(TARGET_NAME)";
			};
			name = Debug;
		};
		494C54311C76450E00FC5AB7 /* Release */ = {
			isa = XCBuildConfiguration;
			buildSettings = {
				PRODUCT_NAME = "$(TARGET_NAME)";
			};
			name = Release;
		};
/* End XCBuildConfiguration section */

/* Begin XCConfigurationList section */
		494C54231C76450E00FC5AB7 /* Build configuration list for PBXProject "budgettracker" */ = {
			isa = XCConfigurationList;
			buildConfigurations = (
				494C542D1C76450E00FC5AB7 /* Debug */,
				494C542E1C76450E00FC5AB7 /* Release */,
			);
			defaultConfigurationIsVisible = 0;
			defaultConfigurationName = Release;
		};
		494C542F1C76450E00FC5AB7 /* Build configuration list for PBXNativeTarget "budgettracker" */ = {
			isa = XCConfigurationList;
			buildConfigurations = (
				494C54301C76450E00FC5AB7 /* Debug */,
				494C54311C76450E00FC5AB7 /* Release */,
			);
			defaultConfigurationIsVisible = 0;
			defaultConfigurationName = Release;
		};
/* End XCConfigurationList section */
	};
	rootObject = 494C54201C76450E00FC5AB7 /* Project object */;
}
